
Microsoft Visual Studio Solution File, Format Version 12.00
# Visual Studio Version 17
VisualStudioVersion = 17.2.32630.192
MinimumVisualStudioVersion = 10.0.40219.1
Project("{FAE04EC0-301F-11D3-BF4B-00C04F79EFBC}") = "WEBSITE", "WEBSITE.csproj", "{D51E8C9C-BBA2-4578-A450-F70ADE898252}"
EndProject
Global
	GlobalSection(SolutionConfigurationPlatforms) = preSolution
		Debug|Any CPU = Debug|Any CPU
		Release|Any CPU = Release|Any CPU
	EndGlobalSection
	GlobalSection(ProjectConfigurationPlatforms) = postSolution
		{D51E8C9C-BBA2-4578-A450-F70ADE898252}.Debug|Any CPU.ActiveCfg = Debug|Any CPU
		{D51E8C9C-BBA2-4578-A450-F70ADE898252}.Debug|Any CPU.Build.0 = Debug|Any CPU
		{D51E8C9C-BBA2-4578-A450-F70ADE898252}.Release|Any CPU.ActiveCfg = Release|Any CPU
		{D51E8C9C-BBA2-4578-A450-F70ADE898252}.Release|Any CPU.Build.0 = Release|Any CPU
	EndGlobalSection
	GlobalSection(SolutionProperties) = preSolution
		HideSolutionNode = FALSE
	EndGlobalSection
	GlobalSection(ExtensibilityGlobals) = postSolution
		SolutionGuid = {F97B15F0-1762-4999-8514-5F585D413269}
	EndGlobalSection
EndGlobal
